
Microsoft Visual Studio Solution File, Format Version 12.00
# Visual Studio Version 16
VisualStudioVersion = 16.0.32106.194
MinimumVisualStudioVersion = 10.0.40219.1
Project("{FAE04EC0-301F-11D3-BF4B-00C04F79EFBC}") = "KisiselWebProjesi", "KisiselWebProjesi\KisiselWebProjesi.csproj", "{87EF526B-85BD-4098-B45A-9C1B27670975}"
EndProject
Global
	GlobalSection(SolutionConfigurationPlatforms) = preSolution
		Debug|Any CPU = Debug|Any CPU
		Release|Any CPU = Release|Any CPU
	EndGlobalSection
	GlobalSection(ProjectConfigurationPlatforms) = postSolution
		{87EF526B-85BD-4098-B45A-9C1B27670975}.Debug|Any CPU.ActiveCfg = Debug|Any CPU
		{87EF526B-85BD-4098-B45A-9C1B27670975}.Debug|Any CPU.Build.0 = Debug|Any CPU
		{87EF526B-85BD-4098-B45A-9C1B27670975}.Release|Any CPU.ActiveCfg = Release|Any CPU
		{87EF526B-85BD-4098-B45A-9C1B27670975}.Release|Any CPU.Build.0 = Release|Any CPU
	EndGlobalSection
	GlobalSection(SolutionProperties) = preSolution
		HideSolutionNode = FALSE
	EndGlobalSection
	GlobalSection(ExtensibilityGlobals) = postSolution
		SolutionGuid = {B95D76A0-2023-477D-AFC5-51277C9082A1}
	EndGlobalSection
EndGlobal
